
Microsoft Visual Studio Solution File, Format Version 12.00
# Visual Studio Version 17
VisualStudioVersion = 17.7.34202.233
MinimumVisualStudioVersion = 10.0.40219.1
Project("{FAE04EC0-301F-11D3-BF4B-00C04F79EFBC}") = "Practice01", "Practice01\Practice01.csproj", "{6DD7C82C-42BD-47CB-840E-AE48D85A5CD5}"
EndProject
Global
	GlobalSection(SolutionConfigurationPlatforms) = preSolution
		Debug|Any CPU = Debug|Any CPU
		Release|Any CPU = Release|Any CPU
	EndGlobalSection
	GlobalSection(ProjectConfigurationPlatforms) = postSolution
		{6DD7C82C-42BD-47CB-840E-AE48D85A5CD5}.Debug|Any CPU.ActiveCfg = Debug|Any CPU
		{6DD7C82C-42BD-47CB-840E-AE48D85A5CD5}.Debug|Any CPU.Build.0 = Debug|Any CPU
		{6DD7C82C-42BD-47CB-840E-AE48D85A5CD5}.Release|Any CPU.ActiveCfg = Release|Any CPU
		{6DD7C82C-42BD-47CB-840E-AE48D85A5CD5}.Release|Any CPU.Build.0 = Release|Any CPU
	EndGlobalSection
	GlobalSection(SolutionProperties) = preSolution
		HideSolutionNode = FALSE
	EndGlobalSection
	GlobalSection(ExtensibilityGlobals) = postSolution
		SolutionGuid = {C703DE27-D504-46E2-9005-2C1F8CF00410}
	EndGlobalSection
EndGlobal
